
Microsoft Visual Studio Solution File, Format Version 12.00
# Visual Studio Version 17
VisualStudioVersion = 17.4.33110.190
MinimumVisualStudioVersion = 10.0.40219.1
Project("{9A19103F-16F7-4668-BE54-9A1E7A4F7556}") = "ApiPedidos.Services", "ApiPedidos.Services\ApiPedidos.Services.csproj", "{A765C67E-7D74-43AE-84C0-CB928F44423E}"
EndProject
Project("{2150E333-8FDC-42A3-9474-1A3956D46DE8}") = "API", "API", "{4174B62E-D4C9-4189-81F6-F119826F9E50}"
EndProject
Project("{2150E333-8FDC-42A3-9474-1A3956D46DE8}") = "DDD", "DDD", "{E43FED87-9123-4F9E-A655-5127B0B4D950}"
EndProject
Project("{2150E333-8FDC-42A3-9474-1A3956D46DE8}") = "TDD", "TDD", "{764CD9B6-AAA1-4130-A429-36059AB05A0F}"
EndProject
Project("{2150E333-8FDC-42A3-9474-1A3956D46DE8}") = "Application", "Application", "{6F65EEF3-8ACF-427D-868E-4637880A9C85}"
EndProject
Project("{2150E333-8FDC-42A3-9474-1A3956D46DE8}") = "Domain", "Domain", "{6E65E2AB-F83D-4915-B0E4-8E050D05F6FA}"
EndProject
Project("{2150E333-8FDC-42A3-9474-1A3956D46DE8}") = "Infrastructure", "Infrastructure", "{C29201D9-64F6-4F79-9D10-C7249E96D052}"
EndProject
Project("{9A19103F-16F7-4668-BE54-9A1E7A4F7556}") = "ApiPedidos.Application", "ApiPedidos.Application\ApiPedidos.Application.csproj", "{4C20A02C-3E41-49B2-8D9B-B16D0ADDDE47}"
EndProject
Project("{9A19103F-16F7-4668-BE54-9A1E7A4F7556}") = "ApiPedidos.Infra.EventBus", "ApiPedidos.Infra.EventBus\ApiPedidos.Infra.EventBus.csproj", "{4CC33D76-231C-436D-A896-A1B7F27300FC}"
EndProject
Project("{9A19103F-16F7-4668-BE54-9A1E7A4F7556}") = "ApiPedidos.Domain", "ApiPedidos.Domain\ApiPedidos.Domain.csproj", "{47E7288A-630F-49F3-A48E-A8BC8C286734}"
EndProject
Project("{9A19103F-16F7-4668-BE54-9A1E7A4F7556}") = "ApiPedidos.Infra.Data", "ApiPedidos.Infra.Data\ApiPedidos.Infra.Data.csproj", "{2C0D4B22-B938-40A4-B903-46B3DE2AB026}"
EndProject
Project("{FAE04EC0-301F-11D3-BF4B-00C04F79EFBC}") = "ApiPedidos.Tests", "ApiPedidos.Tests\ApiPedidos.Tests.csproj", "{2811CEBD-D6DD-42BB-A4E9-FC47D3B68159}"
EndProject
Global
	GlobalSection(SolutionConfigurationPlatforms) = preSolution
		Debug|Any CPU = Debug|Any CPU
		Release|Any CPU = Release|Any CPU
	EndGlobalSection
	GlobalSection(ProjectConfigurationPlatforms) = postSolution
		{A765C67E-7D74-43AE-84C0-CB928F44423E}.Debug|Any CPU.ActiveCfg = Debug|Any CPU
		{A765C67E-7D74-43AE-84C0-CB928F44423E}.Debug|Any CPU.Build.0 = Debug|Any CPU
		{A765C67E-7D74-43AE-84C0-CB928F44423E}.Release|Any CPU.ActiveCfg = Release|Any CPU
		{A765C67E-7D74-43AE-84C0-CB928F44423E}.Release|Any CPU.Build.0 = Release|Any CPU
		{4C20A02C-3E41-49B2-8D9B-B16D0ADDDE47}.Debug|Any CPU.ActiveCfg = Debug|Any CPU
		{4C20A02C-3E41-49B2-8D9B-B16D0ADDDE47}.Debug|Any CPU.Build.0 = Debug|Any CPU
		{4C20A02C-3E41-49B2-8D9B-B16D0ADDDE47}.Release|Any CPU.ActiveCfg = Release|Any CPU
		{4C20A02C-3E41-49B2-8D9B-B16D0ADDDE47}.Release|Any CPU.Build.0 = Release|Any CPU
		{4CC33D76-231C-436D-A896-A1B7F27300FC}.Debug|Any CPU.ActiveCfg = Debug|Any CPU
		{4CC33D76-231C-436D-A896-A1B7F27300FC}.Debug|Any CPU.Build.0 = Debug|Any CPU
		{4CC33D76-231C-436D-A896-A1B7F27300FC}.Release|Any CPU.ActiveCfg = Release|Any CPU
		{4CC33D76-231C-436D-A896-A1B7F27300FC}.Release|Any CPU.Build.0 = Release|Any CPU
		{47E7288A-630F-49F3-A48E-A8BC8C286734}.Debug|Any CPU.ActiveCfg = Debug|Any CPU
		{47E7288A-630F-49F3-A48E-A8BC8C286734}.Debug|Any CPU.Build.0 = Debug|Any CPU
		{47E7288A-630F-49F3-A48E-A8BC8C286734}.Release|Any CPU.ActiveCfg = Release|Any CPU
		{47E7288A-630F-49F3-A48E-A8BC8C286734}.Release|Any CPU.Build.0 = Release|Any CPU
		{2C0D4B22-B938-40A4-B903-46B3DE2AB026}.Debug|Any CPU.ActiveCfg = Debug|Any CPU
		{2C0D4B22-B938-40A4-B903-46B3DE2AB026}.Debug|Any CPU.Build.0 = Debug|Any CPU
		{2C0D4B22-B938-40A4-B903-46B3DE2AB026}.Release|Any CPU.ActiveCfg = Release|Any CPU
		{2C0D4B22-B938-40A4-B903-46B3DE2AB026}.Release|Any CPU.Build.0 = Release|Any CPU
		{2811CEBD-D6DD-42BB-A4E9-FC47D3B68159}.Debug|Any CPU.ActiveCfg = Debug|Any CPU
		{2811CEBD-D6DD-42BB-A4E9-FC47D3B68159}.Debug|Any CPU.Build.0 = Debug|Any CPU
		{2811CEBD-D6DD-42BB-A4E9-FC47D3B68159}.Release|Any CPU.ActiveCfg = Release|Any CPU
		{2811CEBD-D6DD-42BB-A4E9-FC47D3B68159}.Release|Any CPU.Build.0 = Release|Any CPU
	EndGlobalSection
	GlobalSection(SolutionProperties) = preSolution
		HideSolutionNode = FALSE
	EndGlobalSection
	GlobalSection(NestedProjects) = preSolution
		{A765C67E-7D74-43AE-84C0-CB928F44423E} = {4174B62E-D4C9-4189-81F6-F119826F9E50}
		{6F65EEF3-8ACF-427D-868E-4637880A9C85} = {E43FED87-9123-4F9E-A655-5127B0B4D950}
		{6E65E2AB-F83D-4915-B0E4-8E050D05F6FA} = {E43FED87-9123-4F9E-A655-5127B0B4D950}
		{C29201D9-64F6-4F79-9D10-C7249E96D052} = {E43FED87-9123-4F9E-A655-5127B0B4D950}
		{4C20A02C-3E41-49B2-8D9B-B16D0ADDDE47} = {6F65EEF3-8ACF-427D-868E-4637880A9C85}
		{4CC33D76-231C-436D-A896-A1B7F27300FC} = {C29201D9-64F6-4F79-9D10-C7249E96D052}
		{47E7288A-630F-49F3-A48E-A8BC8C286734} = {6E65E2AB-F83D-4915-B0E4-8E050D05F6FA}
		{2C0D4B22-B938-40A4-B903-46B3DE2AB026} = {C29201D9-64F6-4F79-9D10-C7249E96D052}
		{2811CEBD-D6DD-42BB-A4E9-FC47D3B68159} = {764CD9B6-AAA1-4130-A429-36059AB05A0F}
	EndGlobalSection
	GlobalSection(ExtensibilityGlobals) = postSolution
		SolutionGuid = {404A578E-656C-4615-A0A6-2ED32B5DC13E}
	EndGlobalSection
EndGlobal
